// !$*UTF8*$!
{
	archiveVersion = 1;
	classes = {
	};
	objectVersion = 50;
	objects = {

/* Begin PBXBuildFile section */
		3C873DB320CFEAAE00D2340B /* AppDelegate.swift in Sources */ = {isa = PBXBuildFile; fileRef = 3C873DB220CFEAAE00D2340B /* AppDelegate.swift */; };
		3C873DB520CFEAAE00D2340B /* FirstViewController.swift in Sources */ = {isa = PBXBuildFile; fileRef = 3C873DB420CFEAAE00D2340B /* FirstViewController.swift */; };
		3C873DB720CFEAAE00D2340B /* SecondViewController.swift in Sources */ = {isa = PBXBuildFile; fileRef = 3C873DB620CFEAAE00D2340B /* SecondViewController.swift */; };
		3C873DBA20CFEAAE00D2340B /* Main.storyboard in Resources */ = {isa = PBXBuildFile; fileRef = 3C873DB820CFEAAE00D2340B /* Main.storyboard */; };
		3C873DBC20CFEAAF00D2340B /* Assets.xcassets in Resources */ = {isa = PBXBuildFile; fileRef = 3C873DBB20CFEAAF00D2340B /* Assets.xcassets */; };
		3C873DBF20CFEAAF00D2340B /* LaunchScreen.storyboard in Resources */ = {isa = PBXBuildFile; fileRef = 3C873DBD20CFEAAF00D2340B /* LaunchScreen.storyboard */; };
		3C873DCA20CFEAB000D2340B /* SwiftPedometerTests.swift in Sources */ = {isa = PBXBuildFile; fileRef = 3C873DC920CFEAB000D2340B /* SwiftPedometerTests.swift */; };
		3C873DD520CFEAB000D2340B /* SwiftPedometerUITests.swift in Sources */ = {isa = PBXBuildFile; fileRef = 3C873DD420CFEAB000D2340B /* SwiftPedometerUITests.swift */; };
/* End PBXBuildFile section */

/* Begin PBXContainerItemProxy section */
		3C873DC620CFEAB000D2340B /* PBXContainerItemProxy */ = {
			isa = PBXContainerItemProxy;
			containerPortal = 3C873DA720CFEAAE00D2340B /* Project object */;
			proxyType = 1;
			remoteGlobalIDString = 3C873DAE20CFEAAE00D2340B;
			remoteInfo = SwiftPedometer;
		};
		3C873DD120CFEAB000D2340B /* PBXContainerItemProxy */ = {
			isa = PBXContainerItemProxy;
			containerPortal = 3C873DA720CFEAAE00D2340B /* Project object */;
			proxyType = 1;
			remoteGlobalIDString = 3C873DAE20CFEAAE00D2340B;
			remoteInfo = SwiftPedometer;
		};
/* End PBXContainerItemProxy section */

/* Begin PBXFileReference section */
		3C873DAF20CFEAAE00D2340B /* SwiftPedometer.app */ = {isa = PBXFileReference; explicitFileType = wrapper.application; includeInIndex = 0; path = SwiftPedometer.app; sourceTree = BUILT_PRODUCTS_DIR; };
		3C873DB220CFEAAE00D2340B /* AppDelegate.swift */ = {isa = PBXFileReference; lastKnownFileType = sourcecode.swift; path = AppDelegate.swift; sourceTree = "<group>"; };
		3C873DB420CFEAAE00D2340B /* FirstViewController.swift */ = {isa = PBXFileReference; lastKnownFileType = sourcecode.swift; path = FirstViewController.swift; sourceTree = "<group>"; };
		3C873DB620CFEAAE00D2340B /* SecondViewController.swift */ = {isa = PBXFileReference; lastKnownFileType = sourcecode.swift; path = SecondViewController.swift; sourceTree = "<group>"; };
		3C873DB920CFEAAE00D2340B /* Base */ = {isa = PBXFileReference; lastKnownFileType = file.storyboard; name = Base; path = Base.lproj/Main.storyboard; sourceTree = "<group>"; };
		3C873DBB20CFEAAF00D2340B /* Assets.xcassets */ = {isa = PBXFileReference; lastKnownFileType = folder.assetcatalog; path = Assets.xcassets; sourceTree = "<group>"; };
		3C873DBE20CFEAAF00D2340B /* Base */ = {isa = PBXFileReference; lastKnownFileType = file.storyboard; name = Base; path = Base.lproj/LaunchScreen.storyboard; sourceTree = "<group>"; };
		3C873DC020CFEAAF00D2340B /* Info.plist */ = {isa = PBXFileReference; lastKnownFileType = text.plist.xml; path = Info.plist; sourceTree = "<group>"; };
		3C873DC520CFEAB000D2340B /* SwiftPedometerTests.xctest */ = {isa = PBXFileReference; explicitFileType = wrapper.cfbundle; includeInIndex = 0; path = SwiftPedometerTests.xctest; sourceTree = BUILT_PRODUCTS_DIR; };
		3C873DC920CFEAB000D2340B /* SwiftPedometerTests.swift */ = {isa = PBXFileReference; lastKnownFileType = sourcecode.swift; path = SwiftPedometerTests.swift; sourceTree = "<group>"; };
		3C873DCB20CFEAB000D2340B /* Info.plist */ = {isa = PBXFileReference; lastKnownFileType = text.plist.xml; path = Info.plist; sourceTree = "<group>"; };
		3C873DD020CFEAB000D2340B /* SwiftPedometerUITests.xctest */ = {isa = PBXFileReference; explicitFileType = wrapper.cfbundle; includeInIndex = 0; path = SwiftPedometerUITests.xctest; sourceTree = BUILT_PRODUCTS_DIR; };
		3C873DD420CFEAB000D2340B /* SwiftPedometerUITests.swift */ = {isa = PBXFileReference; lastKnownFileType = sourcecode.swift; path = SwiftPedometerUITests.swift; sourceTree = "<group>"; };
		3C873DD620CFEAB000D2340B /* Info.plist */ = {isa = PBXFileReference; lastKnownFileType = text.plist.xml; path = Info.plist; sourceTree = "<group>"; };
/* End PBXFileReference section */

/* Begin PBXFrameworksBuildPhase section */
		3C873DAC20CFEAAE00D2340B /* Frameworks */ = {
			isa = PBXFrameworksBuildPhase;
			buildActionMask = 2147483647;
			files = (
			);
			runOnlyForDeploymentPostprocessing = 0;
		};
		3C873DC220CFEAB000D2340B /* Frameworks */ = {
			isa = PBXFrameworksBuildPhase;
			buildActionMask = 2147483647;
			files = (
			);
			runOnlyForDeploymentPostprocessing = 0;
		};
		3C873DCD20CFEAB000D2340B /* Frameworks */ = {
			isa = PBXFrameworksBuildPhase;
			buildActionMask = 2147483647;
			files = (
			);
			runOnlyForDeploymentPostprocessing = 0;
		};
/* End PBXFrameworksBuildPhase section */

/* Begin PBXGroup section */
		3C873DA620CFEAAE00D2340B = {
			isa = PBXGroup;
			children = (
				3C873DB120CFEAAE00D2340B /* SwiftPedometer */,
				3C873DC820CFEAB000D2340B /* SwiftPedometerTests */,
				3C873DD320CFEAB000D2340B /* SwiftPedometerUITests */,
				3C873DB020CFEAAE00D2340B /* Products */,
			);
			sourceTree = "<group>";
		};
		3C873DB020CFEAAE00D2340B /* Products */ = {
			isa = PBXGroup;
			children = (
				3C873DAF20CFEAAE00D2340B /* SwiftPedometer.app */,
				3C873DC520CFEAB000D2340B /* SwiftPedometerTests.xctest */,
				3C873DD020CFEAB000D2340B /* SwiftPedometerUITests.xctest */,
			);
			name = Products;
			sourceTree = "<group>";
		};
		3C873DB120CFEAAE00D2340B /* SwiftPedometer */ = {
			isa = PBXGroup;
			children = (
				3C873DB220CFEAAE00D2340B /* AppDelegate.swift */,
				3C873DB420CFEAAE00D2340B /* FirstViewController.swift */,
				3C873DB620CFEAAE00D2340B /* SecondViewController.swift */,
				3C873DB820CFEAAE00D2340B /* Main.storyboard */,
				3C873DBB20CFEAAF00D2340B /* Assets.xcassets */,
				3C873DBD20CFEAAF00D2340B /* LaunchScreen.storyboard */,
				3C873DC020CFEAAF00D2340B /* Info.plist */,
			);
			path = SwiftPedometer;
			sourceTree = "<group>";
		};
		3C873DC820CFEAB000D2340B /* SwiftPedometerTests */ = {
			isa = PBXGroup;
			children = (
				3C873DC920CFEAB000D2340B /* SwiftPedometerTests.swift */,
				3C873DCB20CFEAB000D2340B /* Info.plist */,
			);
			path = SwiftPedometerTests;
			sourceTree = "<group>";
		};
		3C873DD320CFEAB000D2340B /* SwiftPedometerUITests */ = {
			isa = PBXGroup;
			children = (
				3C873DD420CFEAB000D2340B /* SwiftPedometerUITests.swift */,
				3C873DD620CFEAB000D2340B /* Info.plist */,
			);
			path = SwiftPedometerUITests;
			sourceTree = "<group>";
		};
/* End PBXGroup section */

/* Begin PBXNativeTarget section */
		3C873DAE20CFEAAE00D2340B /* SwiftPedometer */ = {
			isa = PBXNativeTarget;
			buildConfigurationList = 3C873DD920CFEAB000D2340B /* Build configuration list for PBXNativeTarget "SwiftPedometer" */;
			buildPhases = (
				3C873DAB20CFEAAE00D2340B /* Sources */,
				3C873DAC20CFEAAE00D2340B /* Frameworks */,
				3C873DAD20CFEAAE00D2340B /* Resources */,
			);
			buildRules = (
			);
			dependencies = (
			);
			name = SwiftPedometer;
			productName = SwiftPedometer;
			productReference = 3C873DAF20CFEAAE00D2340B /* SwiftPedometer.app */;
			productType = "com.apple.product-type.application";
		};
		3C873DC420CFEAB000D2340B /* SwiftPedometerTests */ = {
			isa = PBXNativeTarget;
			buildConfigurationList = 3C873DDC20CFEAB000D2340B /* Build configuration list for PBXNativeTarget "SwiftPedometerTests" */;
			buildPhases = (
				3C873DC120CFEAB000D2340B /* Sources */,
				3C873DC220CFEAB000D2340B /* Frameworks */,
				3C873DC320CFEAB000D2340B /* Resources */,
			);
			buildRules = (
			);
			dependencies = (
				3C873DC720CFEAB000D2340B /* PBXTargetDependency */,
			);
			name = SwiftPedometerTests;
			productName = SwiftPedometerTests;
			productReference = 3C873DC520CFEAB000D2340B /* SwiftPedometerTests.xctest */;
			productType = "com.apple.product-type.bundle.unit-test";
		};
		3C873DCF20CFEAB000D2340B /* SwiftPedometerUITests */ = {
			isa = PBXNativeTarget;
			buildConfigurationList = 3C873DDF20CFEAB000D2340B /* Build configuration list for PBXNativeTarget "SwiftPedometerUITests" */;
			buildPhases = (
				3C873DCC20CFEAB000D2340B /* Sources */,
				3C873DCD20CFEAB000D2340B /* Frameworks */,
				3C873DCE20CFEAB000D2340B /* Resources */,
			);
			buildRules = (
			);
			dependencies = (
				3C873DD220CFEAB000D2340B /* PBXTargetDependency */,
			);
			name = SwiftPedometerUITests;
			productName = SwiftPedometerUITests;
			productReference = 3C873DD020CFEAB000D2340B /* SwiftPedometerUITests.xctest */;
			productType = "com.apple.product-type.bundle.ui-testing";
		};
/* End PBXNativeTarget section */

/* Begin PBXProject section */
		3C873DA720CFEAAE00D2340B /* Project object */ = {
			isa = PBXProject;
			attributes = {
				LastSwiftUpdateCheck = 0930;
				LastUpgradeCheck = 0930;
				ORGANIZATIONNAME = "Thomas Nilsson";
				TargetAttributes = {
					3C873DAE20CFEAAE00D2340B = {
						CreatedOnToolsVersion = 9.3.1;
					};
					3C873DC420CFEAB000D2340B = {
						CreatedOnToolsVersion = 9.3.1;
						TestTargetID = 3C873DAE20CFEAAE00D2340B;
					};
					3C873DCF20CFEAB000D2340B = {
						CreatedOnToolsVersion = 9.3.1;
						TestTargetID = 3C873DAE20CFEAAE00D2340B;
					};
				};
			};
			buildConfigurationList = 3C873DAA20CFEAAE00D2340B /* Build configuration list for PBXProject "SwiftPedometer" */;
			compatibilityVersion = "Xcode 9.3";
			developmentRegion = en;
			hasScannedForEncodings = 0;
			knownRegions = (
				en,
				Base,
			);
			mainGroup = 3C873DA620CFEAAE00D2340B;
			productRefGroup = 3C873DB020CFEAAE00D2340B /* Products */;
			projectDirPath = "";
			projectRoot = "";
			targets = (
				3C873DAE20CFEAAE00D2340B /* SwiftPedometer */,
				3C873DC420CFEAB000D2340B /* SwiftPedometerTests */,
				3C873DCF20CFEAB000D2340B /* SwiftPedometerUITests */,
			);
		};
/* End PBXProject section */

/* Begin PBXResourcesBuildPhase section */
		3C873DAD20CFEAAE00D2340B /* Resources */ = {
			isa = PBXResourcesBuildPhase;
			buildActionMask = 2147483647;
			files = (
				3C873DBF20CFEAAF00D2340B /* LaunchScreen.storyboard in Resources */,
				3C873DBC20CFEAAF00D2340B /* Assets.xcassets in Resources */,
				3C873DBA20CFEAAE00D2340B /* Main.storyboard in Resources */,
			);
			runOnlyForDeploymentPostprocessing = 0;
		};
		3C873DC320CFEAB000D2340B /* Resources */ = {
			isa = PBXResourcesBuildPhase;
			buildActionMask = 2147483647;
			files = (
			);
			runOnlyForDeploymentPostprocessing = 0;
		};
		3C873DCE20CFEAB000D2340B /* Resources */ = {
			isa = PBXResourcesBuildPhase;
			buildActionMask = 2147483647;
			files = (
			);
			runOnlyForDeploymentPostprocessing = 0;
		};
/* End PBXResourcesBuildPhase section */

/* Begin PBXSourcesBuildPhase section */
		3C873DAB20CFEAAE00D2340B /* Sources */ = {
			isa = PBXSourcesBuildPhase;
			buildActionMask = 2147483647;
			files = (
				3C873DB720CFEAAE00D2340B /* SecondViewController.swift in Sources */,
				3C873DB320CFEAAE00D2340B /* AppDelegate.swift in Sources */,
				3C873DB520CFEAAE00D2340B /* FirstViewController.swift in Sources */,
			);
			runOnlyForDeploymentPostprocessing = 0;
		};
		3C873DC120CFEAB000D2340B /* Sources */ = {
			isa = PBXSourcesBuildPhase;
			buildActionMask = 2147483647;
			files = (
				3C873DCA20CFEAB000D2340B /* SwiftPedometerTests.swift in Sources */,
			);
			runOnlyForDeploymentPostprocessing = 0;
		};
		3C873DCC20CFEAB000D2340B /* Sources */ = {
			isa = PBXSourcesBuildPhase;
			buildActionMask = 2147483647;
			files = (
				3C873DD520CFEAB000D2340B /* SwiftPedometerUITests.swift in Sources */,
			);
			runOnlyForDeploymentPostprocessing = 0;
		};
/* End PBXSourcesBuildPhase section */

/* Begin PBXTargetDependency section */
		3C873DC720CFEAB000D2340B /* PBXTargetDependency */ = {
			isa = PBXTargetDependency;
			target = 3C873DAE20CFEAAE00D2340B /* SwiftPedometer */;
			targetProxy = 3C873DC620CFEAB000D2340B /* PBXContainerItemProxy */;
		};
		3C873DD220CFEAB000D2340B /* PBXTargetDependency */ = {
			isa = PBXTargetDependency;
			target = 3C873DAE20CFEAAE00D2340B /* SwiftPedometer */;
			targetProxy = 3C873DD120CFEAB000D2340B /* PBXContainerItemProxy */;
		};
/* End PBXTargetDependency section */

/* Begin PBXVariantGroup section */
		3C873DB820CFEAAE00D2340B /* Main.storyboard */ = {
			isa = PBXVariantGroup;
			children = (
				3C873DB920CFEAAE00D2340B /* Base */,
			);
			name = Main.storyboard;
			sourceTree = "<group>";
		};
		3C873DBD20CFEAAF00D2340B /* LaunchScreen.storyboard */ = {
			isa = PBXVariantGroup;
			children = (
				3C873DBE20CFEAAF00D2340B /* Base */,
			);
			name = LaunchScreen.storyboard;
			sourceTree = "<group>";
		};
/* End PBXVariantGroup section */

/* Begin XCBuildConfiguration section */
		3C873DD720CFEAB000D2340B /* Debug */ = {
			isa = XCBuildConfiguration;
			buildSettings = {
				ALWAYS_SEARCH_USER_PATHS = NO;
				CLANG_ANALYZER_NONNULL = YES;
				CLANG_ANALYZER_NUMBER_OBJECT_CONVERSION = YES_AGGRESSIVE;
				CLANG_CXX_LANGUAGE_STANDARD = "gnu++14";
				CLANG_CXX_LIBRARY = "libc++";
				CLANG_ENABLE_MODULES = YES;
				CLANG_ENABLE_OBJC_ARC = YES;
				CLANG_ENABLE_OBJC_WEAK = YES;
				CLANG_WARN_BLOCK_CAPTURE_AUTORELEASING = YES;
				CLANG_WARN_BOOL_CONVERSION = YES;
				CLANG_WARN_COMMA = YES;
				CLANG_WARN_CONSTANT_CONVERSION = YES;
				CLANG_WARN_DEPRECATED_OBJC_IMPLEMENTATIONS = YES;
				CLANG_WARN_DIRECT_OBJC_ISA_USAGE = YES_ERROR;
				CLANG_WARN_DOCUMENTATION_COMMENTS = YES;
				CLANG_WARN_EMPTY_BODY = YES;
				CLANG_WARN_ENUM_CONVERSION = YES;
				CLANG_WARN_INFINITE_RECURSION = YES;
				CLANG_WARN_INT_CONVERSION = YES;
				CLANG_WARN_NON_LITERAL_NULL_CONVERSION = YES;
				CLANG_WARN_OBJC_IMPLICIT_RETAIN_SELF = YES;
				CLANG_WARN_OBJC_LITERAL_CONVERSION = YES;
				CLANG_WARN_OBJC_ROOT_CLASS = YES_ERROR;
				CLANG_WARN_RANGE_LOOP_ANALYSIS = YES;
				CLANG_WARN_STRICT_PROTOTYPES = YES;
				CLANG_WARN_SUSPICIOUS_MOVE = YES;
				CLANG_WARN_UNGUARDED_AVAILABILITY = YES_AGGRESSIVE;
				CLANG_WARN_UNREACHABLE_CODE = YES;
				CLANG_WARN__DUPLICATE_METHOD_MATCH = YES;
				CODE_SIGN_IDENTITY = "iPhone Developer";
				COPY_PHASE_STRIP = NO;
				DEBUG_INFORMATION_FORMAT = dwarf;
				ENABLE_STRICT_OBJC_MSGSEND = YES;
				ENABLE_TESTABILITY = YES;
				GCC_C_LANGUAGE_STANDARD = gnu11;
				GCC_DYNAMIC_NO_PIC = NO;
				GCC_NO_COMMON_BLOCKS = YES;
				GCC_OPTIMIZATION_LEVEL = 0;
				GCC_PREPROCESSOR_DEFINITIONS = (
					"DEBUG=1",
					"$(inherited)",
				);
				GCC_WARN_64_TO_32_BIT_CONVERSION = YES;
				GCC_WARN_ABOUT_RETURN_TYPE = YES_ERROR;
				GCC_WARN_UNDECLARED_SELECTOR = YES;
				GCC_WARN_UNINITIALIZED_AUTOS = YES_AGGRESSIVE;
				GCC_WARN_UNUSED_FUNCTION = YES;
				GCC_WARN_UNUSED_VARIABLE = YES;
				IPHONEOS_DEPLOYMENT_TARGET = 11.3;
				MTL_ENABLE_DEBUG_INFO = YES;
				ONLY_ACTIVE_ARCH = YES;
				SDKROOT = iphoneos;
				SWIFT_ACTIVE_COMPILATION_CONDITIONS = DEBUG;
				SWIFT_OPTIMIZATION_LEVEL = "-Onone";
			};
			name = Debug;
		};
		3C873DD820CFEAB000D2340B /* Release */ = {
			isa = XCBuildConfiguration;
			buildSettings = {
				ALWAYS_SEARCH_USER_PATHS = NO;
				CLANG_ANALYZER_NONNULL = YES;
				CLANG_ANALYZER_NUMBER_OBJECT_CONVERSION = YES_AGGRESSIVE;
				CLANG_CXX_LANGUAGE_STANDARD = "gnu++14";
				CLANG_CXX_LIBRARY = "libc++";
				CLANG_ENABLE_MODULES = YES;
				CLANG_ENABLE_OBJC_ARC = YES;
				CLANG_ENABLE_OBJC_WEAK = YES;
				CLANG_WARN_BLOCK_CAPTURE_AUTORELEASING = YES;
				CLANG_WARN_BOOL_CONVERSION = YES;
				CLANG_WARN_COMMA = YES;
				CLANG_WARN_CONSTANT_CONVERSION = YES;
				CLANG_WARN_DEPRECATED_OBJC_IMPLEMENTATIONS = YES;
				CLANG_WARN_DIRECT_OBJC_ISA_USAGE = YES_ERROR;
				CLANG_WARN_DOCUMENTATION_COMMENTS = YES;
				CLANG_WARN_EMPTY_BODY = YES;
				CLANG_WARN_ENUM_CONVERSION = YES;
				CLANG_WARN_INFINITE_RECURSION = YES;
				CLANG_WARN_INT_CONVERSION = YES;
				CLANG_WARN_NON_LITERAL_NULL_CONVERSION = YES;
				CLANG_WARN_OBJC_IMPLICIT_RETAIN_SELF = YES;
				CLANG_WARN_OBJC_LITERAL_CONVERSION = YES;
				CLANG_WARN_OBJC_ROOT_CLASS = YES_ERROR;
				CLANG_WARN_RANGE_LOOP_ANALYSIS = YES;
				CLANG_WARN_STRICT_PROTOTYPES = YES;
				CLANG_WARN_SUSPICIOUS_MOVE = YES;
				CLANG_WARN_UNGUARDED_AVAILABILITY = YES_AGGRESSIVE;
				CLANG_WARN_UNREACHABLE_CODE = YES;
				CLANG_WARN__DUPLICATE_METHOD_MATCH = YES;
				CODE_SIGN_IDENTITY = "iPhone Developer";
				COPY_PHASE_STRIP = NO;
				DEBUG_INFORMATION_FORMAT = "dwarf-with-dsym";
				ENABLE_NS_ASSERTIONS = NO;
				ENABLE_STRICT_OBJC_MSGSEND = YES;
				GCC_C_LANGUAGE_STANDARD = gnu11;
				GCC_NO_COMMON_BLOCKS = YES;
				GCC_WARN_64_TO_32_BIT_CONVERSION = YES;
				GCC_WARN_ABOUT_RETURN_TYPE = YES_ERROR;
				GCC_WARN_UNDECLARED_SELECTOR = YES;
				GCC_WARN_UNINITIALIZED_AUTOS = YES_AGGRESSIVE;
				GCC_WARN_UNUSED_FUNCTION = YES;
				GCC_WARN_UNUSED_VARIABLE = YES;
				IPHONEOS_DEPLOYMENT_TARGET = 11.3;
				MTL_ENABLE_DEBUG_INFO = NO;
				SDKROOT = iphoneos;
				SWIFT_COMPILATION_MODE = wholemodule;
				SWIFT_OPTIMIZATION_LEVEL = "-O";
				VALIDATE_PRODUCT = YES;
			};
			name = Release;
		};
		3C873DDA20CFEAB000D2340B /* Debug */ = {
			isa = XCBuildConfiguration;
			buildSettings = {
				ASSETCATALOG_COMPILER_APPICON_NAME = AppIcon;
				CODE_SIGN_STYLE = Automatic;
				DEVELOPMENT_TEAM = 72X56QYRFU;
				INFOPLIST_FILE = SwiftPedometer/Info.plist;
				LD_RUNPATH_SEARCH_PATHS = (
					"$(inherited)",
					"@executable_path/Frameworks",
				);
				PRODUCT_BUNDLE_IDENTIFIER = cachet.carp.SwiftPedometer;
				PRODUCT_NAME = "$(TARGET_NAME)";
				SWIFT_VERSION = 4.0;
				TARGETED_DEVICE_FAMILY = "1,2";
			};
			name = Debug;
		};
		3C873DDB20CFEAB000D2340B /* Release */ = {
			isa = XCBuildConfiguration;
			buildSettings = {
				ASSETCATALOG_COMPILER_APPICON_NAME = AppIcon;
				CODE_SIGN_STYLE = Automatic;
				DEVELOPMENT_TEAM = 72X56QYRFU;
				INFOPLIST_FILE = SwiftPedometer/Info.plist;
				LD_RUNPATH_SEARCH_PATHS = (
					"$(inherited)",
					"@executable_path/Frameworks",
				);
				PRODUCT_BUNDLE_IDENTIFIER = cachet.carp.SwiftPedometer;
				PRODUCT_NAME = "$(TARGET_NAME)";
				SWIFT_VERSION = 4.0;
				TARGETED_DEVICE_FAMILY = "1,2";
			};
			name = Release;
		};
		3C873DDD20CFEAB000D2340B /* Debug */ = {
			isa = XCBuildConfiguration;
			buildSettings = {
				ALWAYS_EMBED_SWIFT_STANDARD_LIBRARIES = YES;
				BUNDLE_LOADER = "$(TEST_HOST)";
				CODE_SIGN_STYLE = Automatic;
				DEVELOPMENT_TEAM = 72X56QYRFU;
				INFOPLIST_FILE = SwiftPedometerTests/Info.plist;
				LD_RUNPATH_SEARCH_PATHS = (
					"$(inherited)",
					"@executable_path/Frameworks",
					"@loader_path/Frameworks",
				);
				PRODUCT_BUNDLE_IDENTIFIER = cachet.carp.SwiftPedometerTests;
				PRODUCT_NAME = "$(TARGET_NAME)";
				SWIFT_VERSION = 4.0;
				TARGETED_DEVICE_FAMILY = "1,2";
				TEST_HOST = "$(BUILT_PRODUCTS_DIR)/SwiftPedometer.app/SwiftPedometer";
			};
			name = Debug;
		};
		3C873DDE20CFEAB000D2340B /* Release */ = {
			isa = XCBuildConfiguration;
			buildSettings = {
				ALWAYS_EMBED_SWIFT_STANDARD_LIBRARIES = YES;
				BUNDLE_LOADER = "$(TEST_HOST)";
				CODE_SIGN_STYLE = Automatic;
				DEVELOPMENT_TEAM = 72X56QYRFU;
				INFOPLIST_FILE = SwiftPedometerTests/Info.plist;
				LD_RUNPATH_SEARCH_PATHS = (
					"$(inherited)",
					"@executable_path/Frameworks",
					"@loader_path/Frameworks",
				);
				PRODUCT_BUNDLE_IDENTIFIER = cachet.carp.SwiftPedometerTests;
				PRODUCT_NAME = "$(TARGET_NAME)";
				SWIFT_VERSION = 4.0;
				TARGETED_DEVICE_FAMILY = "1,2";
				TEST_HOST = "$(BUILT_PRODUCTS_DIR)/SwiftPedometer.app/SwiftPedometer";
			};
			name = Release;
		};
		3C873DE020CFEAB000D2340B /* Debug */ = {
			isa = XCBuildConfiguration;
			buildSettings = {
				ALWAYS_EMBED_SWIFT_STANDARD_LIBRARIES = YES;
				CODE_SIGN_STYLE = Automatic;
				DEVELOPMENT_TEAM = 72X56QYRFU;
				INFOPLIST_FILE = SwiftPedometerUITests/Info.plist;
				LD_RUNPATH_SEARCH_PATHS = (
					"$(inherited)",
					"@executable_path/Frameworks",
					"@loader_path/Frameworks",
				);
				PRODUCT_BUNDLE_IDENTIFIER = cachet.carp.SwiftPedometerUITests;
				PRODUCT_NAME = "$(TARGET_NAME)";
				SWIFT_VERSION = 4.0;
				TARGETED_DEVICE_FAMILY = "1,2";
				TEST_TARGET_NAME = SwiftPedometer;
			};
			name = Debug;
		};
		3C873DE120CFEAB000D2340B /* Release */ = {
			isa = XCBuildConfiguration;
			buildSettings = {
				ALWAYS_EMBED_SWIFT_STANDARD_LIBRARIES = YES;
				CODE_SIGN_STYLE = Automatic;
				DEVELOPMENT_TEAM = 72X56QYRFU;
				INFOPLIST_FILE = SwiftPedometerUITests/Info.plist;
				LD_RUNPATH_SEARCH_PATHS = (
					"$(inherited)",
					"@executable_path/Frameworks",
					"@loader_path/Frameworks",
				);
				PRODUCT_BUNDLE_IDENTIFIER = cachet.carp.SwiftPedometerUITests;
				PRODUCT_NAME = "$(TARGET_NAME)";
				SWIFT_VERSION = 4.0;
				TARGETED_DEVICE_FAMILY = "1,2";
				TEST_TARGET_NAME = SwiftPedometer;
			};
			name = Release;
		};
/* End XCBuildConfiguration section */

/* Begin XCConfigurationList section */
		3C873DAA20CFEAAE00D2340B /* Build configuration list for PBXProject "SwiftPedometer" */ = {
			isa = XCConfigurationList;
			buildConfigurations = (
				3C873DD720CFEAB000D2340B /* Debug */,
				3C873DD820CFEAB000D2340B /* Release */,
			);
			defaultConfigurationIsVisible = 0;
			defaultConfigurationName = Release;
		};
		3C873DD920CFEAB000D2340B /* Build configuration list for PBXNativeTarget "SwiftPedometer" */ = {
			isa = XCConfigurationList;
			buildConfigurations = (
				3C873DDA20CFEAB000D2340B /* Debug */,
				3C873DDB20CFEAB000D2340B /* Release */,
			);
			defaultConfigurationIsVisible = 0;
			defaultConfigurationName = Release;
		};
		3C873DDC20CFEAB000D2340B /* Build configuration list for PBXNativeTarget "SwiftPedometerTests" */ = {
			isa = XCConfigurationList;
			buildConfigurations = (
				3C873DDD20CFEAB000D2340B /* Debug */,
				3C873DDE20CFEAB000D2340B /* Release */,
			);
			defaultConfigurationIsVisible = 0;
			defaultConfigurationName = Release;
		};
		3C873DDF20CFEAB000D2340B /* Build configuration list for PBXNativeTarget "SwiftPedometerUITests" */ = {
			isa = XCConfigurationList;
			buildConfigurations = (
				3C873DE020CFEAB000D2340B /* Debug */,
				3C873DE120CFEAB000D2340B /* Release */,
			);
			defaultConfigurationIsVisible = 0;
			defaultConfigurationName = Release;
		};
/* End XCConfigurationList section */
	};
	rootObject = 3C873DA720CFEAAE00D2340B /* Project object */;
}
